
Microsoft Visual Studio Solution File, Format Version 12.00
# Visual Studio Version 17
VisualStudioVersion = 17.5.002.0
MinimumVisualStudioVersion = 10.0.40219.1
Project("{9A19103F-16F7-4668-BE54-9A1E7A4F7556}") = "Program", "Program.csproj", "{3B0B8314-A95D-4FC4-B453-C4DD544BF9C6}"
EndProject
Global
	GlobalSection(SolutionConfigurationPlatforms) = preSolution
		Debug|Any CPU = Debug|Any CPU
		Release|Any CPU = Release|Any CPU
	EndGlobalSection
	GlobalSection(ProjectConfigurationPlatforms) = postSolution
		{3B0B8314-A95D-4FC4-B453-C4DD544BF9C6}.Debug|Any CPU.ActiveCfg = Debug|Any CPU
		{3B0B8314-A95D-4FC4-B453-C4DD544BF9C6}.Debug|Any CPU.Build.0 = Debug|Any CPU
		{3B0B8314-A95D-4FC4-B453-C4DD544BF9C6}.Release|Any CPU.ActiveCfg = Release|Any CPU
		{3B0B8314-A95D-4FC4-B453-C4DD544BF9C6}.Release|Any CPU.Build.0 = Release|Any CPU
	EndGlobalSection
	GlobalSection(SolutionProperties) = preSolution
		HideSolutionNode = FALSE
	EndGlobalSection
	GlobalSection(ExtensibilityGlobals) = postSolution
		SolutionGuid = {566BD491-63DE-497D-848B-7151A2E04A2D}
	EndGlobalSection
EndGlobal
