
Microsoft Visual Studio Solution File, Format Version 12.00
# Visual Studio Version 17
VisualStudioVersion = 17.5.002.0
MinimumVisualStudioVersion = 10.0.40219.1
Project("{9A19103F-16F7-4668-BE54-9A1E7A4F7556}") = "Program", "Program.csproj", "{405550E5-9240-4D46-9EE0-7C31020B143B}"
EndProject
Global
	GlobalSection(SolutionConfigurationPlatforms) = preSolution
		Debug|Any CPU = Debug|Any CPU
		Release|Any CPU = Release|Any CPU
	EndGlobalSection
	GlobalSection(ProjectConfigurationPlatforms) = postSolution
		{405550E5-9240-4D46-9EE0-7C31020B143B}.Debug|Any CPU.ActiveCfg = Debug|Any CPU
		{405550E5-9240-4D46-9EE0-7C31020B143B}.Debug|Any CPU.Build.0 = Debug|Any CPU
		{405550E5-9240-4D46-9EE0-7C31020B143B}.Release|Any CPU.ActiveCfg = Release|Any CPU
		{405550E5-9240-4D46-9EE0-7C31020B143B}.Release|Any CPU.Build.0 = Release|Any CPU
	EndGlobalSection
	GlobalSection(SolutionProperties) = preSolution
		HideSolutionNode = FALSE
	EndGlobalSection
	GlobalSection(ExtensibilityGlobals) = postSolution
		SolutionGuid = {21E10815-DCD3-4A73-9D29-68FB0BA6B7A4}
	EndGlobalSection
EndGlobal
